
Microsoft Visual Studio Solution File, Format Version 12.00
# Visual Studio Version 17
VisualStudioVersion = 17.8.34408.163
MinimumVisualStudioVersion = 10.0.40219.1
Project("{FAE04EC0-301F-11D3-BF4B-00C04F79EFBC}") = "Login e Senha 08-05-24", "Login e Senha 08-05-24.csproj", "{1A179919-E20D-4490-927A-F97D0CEE693D}"
EndProject
Global
	GlobalSection(SolutionConfigurationPlatforms) = preSolution
		Debug|Any CPU = Debug|Any CPU
		Release|Any CPU = Release|Any CPU
	EndGlobalSection
	GlobalSection(ProjectConfigurationPlatforms) = postSolution
		{1A179919-E20D-4490-927A-F97D0CEE693D}.Debug|Any CPU.ActiveCfg = Debug|Any CPU
		{1A179919-E20D-4490-927A-F97D0CEE693D}.Debug|Any CPU.Build.0 = Debug|Any CPU
		{1A179919-E20D-4490-927A-F97D0CEE693D}.Release|Any CPU.ActiveCfg = Release|Any CPU
		{1A179919-E20D-4490-927A-F97D0CEE693D}.Release|Any CPU.Build.0 = Release|Any CPU
	EndGlobalSection
	GlobalSection(SolutionProperties) = preSolution
		HideSolutionNode = FALSE
	EndGlobalSection
	GlobalSection(ExtensibilityGlobals) = postSolution
		SolutionGuid = {C4B3C3AE-F3C8-42A4-9B5A-9301771C73AE}
	EndGlobalSection
EndGlobal
